
Microsoft Visual Studio Solution File, Format Version 12.00
# Visual Studio 15
VisualStudioVersion = 15.0.28307.421
MinimumVisualStudioVersion = 10.0.40219.1
Project("{9A19103F-16F7-4668-BE54-9A1E7A4F7556}") = "spiking", "SimpleWeb\spiking.csproj", "{59AA32E7-E813-416B-8403-DCB985BD29C5}"
EndProject
Project("{2150E333-8FDC-42A3-9474-1A3956D46DE8}") = "Solution Items", "Solution Items", "{EEDC8E6D-1F04-432C-BC2E-C5A088825DBE}"
EndProject
Project("{9A19103F-16F7-4668-BE54-9A1E7A4F7556}") = "AngularWeb", "AngularWeb\AngularWeb.csproj", "{0D3FC22D-FDDA-431A-8E84-89CD1A9EACD4}"
EndProject
Global
	GlobalSection(SolutionConfigurationPlatforms) = preSolution
		Debug|Any CPU = Debug|Any CPU
		Release|Any CPU = Release|Any CPU
	EndGlobalSection
	GlobalSection(ProjectConfigurationPlatforms) = postSolution
		{59AA32E7-E813-416B-8403-DCB985BD29C5}.Debug|Any CPU.ActiveCfg = Debug|Any CPU
		{59AA32E7-E813-416B-8403-DCB985BD29C5}.Debug|Any CPU.Build.0 = Debug|Any CPU
		{59AA32E7-E813-416B-8403-DCB985BD29C5}.Release|Any CPU.ActiveCfg = Release|Any CPU
		{59AA32E7-E813-416B-8403-DCB985BD29C5}.Release|Any CPU.Build.0 = Release|Any CPU
		{0D3FC22D-FDDA-431A-8E84-89CD1A9EACD4}.Debug|Any CPU.ActiveCfg = Debug|Any CPU
		{0D3FC22D-FDDA-431A-8E84-89CD1A9EACD4}.Debug|Any CPU.Build.0 = Debug|Any CPU
		{0D3FC22D-FDDA-431A-8E84-89CD1A9EACD4}.Release|Any CPU.ActiveCfg = Release|Any CPU
		{0D3FC22D-FDDA-431A-8E84-89CD1A9EACD4}.Release|Any CPU.Build.0 = Release|Any CPU
	EndGlobalSection
	GlobalSection(SolutionProperties) = preSolution
		HideSolutionNode = FALSE
	EndGlobalSection
	GlobalSection(ExtensibilityGlobals) = postSolution
		SolutionGuid = {7157125F-5E5B-40CC-A49A-C9A361406DE9}
	EndGlobalSection
EndGlobal
